
Microsoft Visual Studio Solution File, Format Version 12.00
# Visual Studio Version 16
VisualStudioVersion = 16.0.29418.71
MinimumVisualStudioVersion = 10.0.40219.1
Project("{FAE04EC0-301F-11D3-BF4B-00C04F79EFBC}") = "linq2", "linq2\linq2.csproj", "{E67617D0-76CE-4967-9ACF-1DB8E7B8553B}"
EndProject
Global
	GlobalSection(SolutionConfigurationPlatforms) = preSolution
		Debug|Any CPU = Debug|Any CPU
		Release|Any CPU = Release|Any CPU
	EndGlobalSection
	GlobalSection(ProjectConfigurationPlatforms) = postSolution
		{E67617D0-76CE-4967-9ACF-1DB8E7B8553B}.Debug|Any CPU.ActiveCfg = Debug|Any CPU
		{E67617D0-76CE-4967-9ACF-1DB8E7B8553B}.Debug|Any CPU.Build.0 = Debug|Any CPU
		{E67617D0-76CE-4967-9ACF-1DB8E7B8553B}.Release|Any CPU.ActiveCfg = Release|Any CPU
		{E67617D0-76CE-4967-9ACF-1DB8E7B8553B}.Release|Any CPU.Build.0 = Release|Any CPU
	EndGlobalSection
	GlobalSection(SolutionProperties) = preSolution
		HideSolutionNode = FALSE
	EndGlobalSection
	GlobalSection(ExtensibilityGlobals) = postSolution
		SolutionGuid = {9A39F0C3-B012-412E-AFBE-83D6B5AAF759}
	EndGlobalSection
EndGlobal
